
Microsoft Visual Studio Solution File, Format Version 12.00
# Visual Studio Version 17
VisualStudioVersion = 17.5.33424.131
MinimumVisualStudioVersion = 10.0.40219.1
Project("{9A19103F-16F7-4668-BE54-9A1E7A4F7556}") = "RESTAPI", "RESTAPI.csproj", "{D294F0D1-8993-4620-B95F-79353169EB74}"
EndProject
Global
	GlobalSection(SolutionConfigurationPlatforms) = preSolution
		Debug|Any CPU = Debug|Any CPU
		Release|Any CPU = Release|Any CPU
	EndGlobalSection
	GlobalSection(ProjectConfigurationPlatforms) = postSolution
		{D294F0D1-8993-4620-B95F-79353169EB74}.Debug|Any CPU.ActiveCfg = Debug|Any CPU
		{D294F0D1-8993-4620-B95F-79353169EB74}.Debug|Any CPU.Build.0 = Debug|Any CPU
		{D294F0D1-8993-4620-B95F-79353169EB74}.Release|Any CPU.ActiveCfg = Release|Any CPU
		{D294F0D1-8993-4620-B95F-79353169EB74}.Release|Any CPU.Build.0 = Release|Any CPU
	EndGlobalSection
	GlobalSection(SolutionProperties) = preSolution
		HideSolutionNode = FALSE
	EndGlobalSection
	GlobalSection(ExtensibilityGlobals) = postSolution
		SolutionGuid = {36804D53-68D0-44A0-A34D-0505B3BA01F0}
	EndGlobalSection
EndGlobal
